{
  "requires": true,
  "lockfileVersion": 1,
  "dependencies": {
    "elm-pep": {
      "version": "1.0.6",
      "resolved": "https://registry.npm.taobao.org/elm-pep/download/elm-pep-1.0.6.tgz",
      "integrity": "sha1-dotrDMWc5rYI2dFMh++MLAk29uw="
    },
    "ieee754": {
      "version": "1.1.13",
      "resolved": "https://registry.npm.taobao.org/ieee754/download/ieee754-1.1.13.tgz",
      "integrity": "sha1-7BaFWOlaoYH9h9N/VcMrvLZwi4Q="
    },
    "ol": {
      "version": "6.3.1",
      "resolved": "https://registry.npm.taobao.org/ol/download/ol-6.3.1.tgz",
      "integrity": "sha1-Efy5h+Yy77n3X4f+jYX1B2RUOEM=",
      "requires": {
        "elm-pep": "^1.0.4",
        "pbf": "3.2.1",
        "pixelworks": "1.1.0",
        "rbush": "^3.0.1"
      }
    },
    "pbf": {
      "version": "3.2.1",
      "resolved": "https://registry.npm.taobao.org/pbf/download/pbf-3.2.1.tgz",
      "integrity": "sha1-tMG55yr5Zs2CxlMWkRFcwECf/io=",
      "requires": {
        "ieee754": "^1.1.12",
        "resolve-protobuf-schema": "^2.1.0"
      }
    },
    "pixelworks": {
      "version": "1.1.0",
      "resolved": "https://registry.npm.taobao.org/pixelworks/download/pixelworks-1.1.0.tgz",
      "integrity": "sha1-Hwla1I3Ki/ihyCWOAJIDGkTyLKU="
    },
    "protocol-buffers-schema": {
      "version": "3.4.0",
      "resolved": "https://registry.npm.taobao.org/protocol-buffers-schema/download/protocol-buffers-schema-3.4.0.tgz",
      "integrity": "sha1-Lw6jHKlmJ9aAvy/vrn6/orZFPq4="
    },
    "quickselect": {
      "version": "2.0.0",
      "resolved": "https://registry.npm.taobao.org/quickselect/download/quickselect-2.0.0.tgz",
      "integrity": "sha1-8ZaApIal7vtYEwPgI+mPqvJd0Bg="
    },
    "rbush": {
      "version": "3.0.1",
      "resolved": "https://registry.npm.taobao.org/rbush/download/rbush-3.0.1.tgz",
      "integrity": "sha1-X6+op5s7mv3+UAhAOnIMwd6ILs8=",
      "requires": {
        "quickselect": "^2.0.0"
      }
    },
    "resolve-protobuf-schema": {
      "version": "2.1.0",
      "resolved": "https://registry.npm.taobao.org/resolve-protobuf-schema/download/resolve-protobuf-schema-2.1.0.tgz",
      "integrity": "sha1-nKmp5pzxkrva8QBuwZc5SKpKN1g=",
      "requires": {
        "protocol-buffers-schema": "^3.3.1"
      }
    }
  }
}
