{
  "requires": true,
  "lockfileVersion": 1,
  "dependencies": {
    "@mapbox/geojson-area": {
      "version": "0.2.2",
      "resolved": "https://registry.npm.taobao.org/@mapbox/geojson-area/download/@mapbox/geojson-area-0.2.2.tgz",
      "integrity": "sha1-GNeBSqNr8j+7zDefjiaiKSfevxA=",
      "requires": {
        "wgs84": "0.0.0"
      }
    },
    "@mapbox/geojson-rewind": {
      "version": "0.4.1",
      "resolved": "https://registry.npm.taobao.org/@mapbox/geojson-rewind/download/@mapbox/geojson-rewind-0.4.1.tgz",
      "integrity": "sha1-NX15MArbf+x8HwkVEpiLymRY8Gg=",
      "requires": {
        "@mapbox/geojson-area": "0.2.2",
        "concat-stream": "~1.6.0",
        "minimist": "^1.2.5",
        "sharkdown": "^0.1.0"
      },
      "dependencies": {
        "minimist": {
          "version": "1.2.5",
          "resolved": "https://registry.npm.taobao.org/minimist/download/minimist-1.2.5.tgz?cache=0&sync_timestamp=1584051509720&other_urls=https%3A%2F%2Fregistry.npm.taobao.org%2Fminimist%2Fdownload%2Fminimist-1.2.5.tgz",
          "integrity": "sha1-Z9ZgFLZqaoqqDAg8X9WN9OTpdgI="
        }
      }
    },
    "@mapbox/geojson-types": {
      "version": "1.0.2",
      "resolved": "https://registry.npm.taobao.org/@mapbox/geojson-types/download/@mapbox/geojson-types-1.0.2.tgz",
      "integrity": "sha1-muz2QssA6rEIClfE+UmmW0pYRtY="
    },
    "@mapbox/jsonlint-lines-primitives": {
      "version": "2.0.2",
      "resolved": "https://registry.npm.taobao.org/@mapbox/jsonlint-lines-primitives/download/@mapbox/jsonlint-lines-primitives-2.0.2.tgz",
      "integrity": "sha1-zlblOfg1UrWNENZy6k1vya3HsjQ="
    },
    "@mapbox/mapbox-gl-supported": {
      "version": "1.5.0",
      "resolved": "https://registry.npm.taobao.org/@mapbox/mapbox-gl-supported/download/@mapbox/mapbox-gl-supported-1.5.0.tgz",
      "integrity": "sha1-9gtqVaXY5e6Qg0fSzkJQsVED3I4="
    },
    "@mapbox/point-geometry": {
      "version": "0.1.0",
      "resolved": "https://registry.npm.taobao.org/@mapbox/point-geometry/download/@mapbox/point-geometry-0.1.0.tgz",
      "integrity": "sha1-ioP5M1x4YO/6Lu7KJUMyqgru2PI="
    },
    "@mapbox/tiny-sdf": {
      "version": "1.1.1",
      "resolved": "https://registry.npm.taobao.org/@mapbox/tiny-sdf/download/@mapbox/tiny-sdf-1.1.1.tgz",
      "integrity": "sha1-FqIMRwdBv+kZHeszb0bhlNpKkf8="
    },
    "@mapbox/unitbezier": {
      "version": "0.0.0",
      "resolved": "https://registry.npm.taobao.org/@mapbox/unitbezier/download/@mapbox/unitbezier-0.0.0.tgz",
      "integrity": "sha1-FWUb1VOme4WB+zmIEMmK2Go0Uk4="
    },
    "@mapbox/vector-tile": {
      "version": "1.3.1",
      "resolved": "https://registry.npm.taobao.org/@mapbox/vector-tile/download/@mapbox/vector-tile-1.3.1.tgz",
      "integrity": "sha1-06dMkEAtBuiexm3knsgX/1NAlmY=",
      "requires": {
        "@mapbox/point-geometry": "~0.1.0"
      }
    },
    "@mapbox/whoots-js": {
      "version": "3.1.0",
      "resolved": "https://registry.npm.taobao.org/@mapbox/whoots-js/download/@mapbox/whoots-js-3.1.0.tgz",
      "integrity": "sha1-SXxnoc71DRokWbpg8xXkSNKth/4="
    },
    "ansicolors": {
      "version": "0.2.1",
      "resolved": "https://registry.npm.taobao.org/ansicolors/download/ansicolors-0.2.1.tgz",
      "integrity": "sha1-vgiVmQl7dKXJxKhKDNvNtivYeu8="
    },
    "buffer-from": {
      "version": "1.1.1",
      "resolved": "https://registry.npm.taobao.org/buffer-from/download/buffer-from-1.1.1.tgz",
      "integrity": "sha1-MnE7wCj3XAL9txDXx7zsHyxgcO8="
    },
    "cardinal": {
      "version": "0.4.4",
      "resolved": "https://registry.npm.taobao.org/cardinal/download/cardinal-0.4.4.tgz",
      "integrity": "sha1-ylu2iltRG5D+k7ms6km97lwyv+I=",
      "requires": {
        "ansicolors": "~0.2.1",
        "redeyed": "~0.4.0"
      }
    },
    "concat-stream": {
      "version": "1.6.2",
      "resolved": "https://registry.npm.taobao.org/concat-stream/download/concat-stream-1.6.2.tgz",
      "integrity": "sha1-kEvfGUzTEi/Gdcd/xKw9T/D9GjQ=",
      "requires": {
        "buffer-from": "^1.0.0",
        "inherits": "^2.0.3",
        "readable-stream": "^2.2.2",
        "typedarray": "^0.0.6"
      }
    },
    "core-util-is": {
      "version": "1.0.2",
      "resolved": "https://registry.npm.taobao.org/core-util-is/download/core-util-is-1.0.2.tgz",
      "integrity": "sha1-tf1UIgqivFq1eqtxQMlAdUUDwac="
    },
    "csscolorparser": {
      "version": "1.0.3",
      "resolved": "https://registry.npm.taobao.org/csscolorparser/download/csscolorparser-1.0.3.tgz",
      "integrity": "sha1-s085HupNqPPpgjHizNjfnAQfFxs="
    },
    "earcut": {
      "version": "2.2.2",
      "resolved": "https://registry.npm.taobao.org/earcut/download/earcut-2.2.2.tgz",
      "integrity": "sha1-QbC8NfY+D+gNp83f8oUR5+LoDRE="
    },
    "elm-pep": {
      "version": "1.0.6",
      "resolved": "https://registry.npm.taobao.org/elm-pep/download/elm-pep-1.0.6.tgz",
      "integrity": "sha1-dotrDMWc5rYI2dFMh++MLAk29uw="
    },
    "esprima": {
      "version": "1.0.4",
      "resolved": "https://registry.npm.taobao.org/esprima/download/esprima-1.0.4.tgz",
      "integrity": "sha1-n1V+CPw7TSbs6d00+Pv0drYlha0="
    },
    "geojson-vt": {
      "version": "3.2.1",
      "resolved": "https://registry.npm.taobao.org/geojson-vt/download/geojson-vt-3.2.1.tgz",
      "integrity": "sha1-+K22FNLB0/bufEJlytS7861gyLc="
    },
    "gl-matrix": {
      "version": "3.3.0",
      "resolved": "https://registry.npm.taobao.org/gl-matrix/download/gl-matrix-3.3.0.tgz",
      "integrity": "sha1-Iy7vYLHIswooy751ssr2xI/WNYs="
    },
    "grid-index": {
      "version": "1.1.0",
      "resolved": "https://registry.npm.taobao.org/grid-index/download/grid-index-1.1.0.tgz",
      "integrity": "sha1-l/giHt7BAmyDd7hkRqfHHnlSLqc="
    },
    "ieee754": {
      "version": "1.1.13",
      "resolved": "https://registry.npm.taobao.org/ieee754/download/ieee754-1.1.13.tgz",
      "integrity": "sha1-7BaFWOlaoYH9h9N/VcMrvLZwi4Q="
    },
    "inherits": {
      "version": "2.0.4",
      "resolved": "https://registry.npm.taobao.org/inherits/download/inherits-2.0.4.tgz",
      "integrity": "sha1-D6LGT5MpF8NDOg3tVTY6rjdBa3w="
    },
    "isarray": {
      "version": "1.0.0",
      "resolved": "https://registry.npm.taobao.org/isarray/download/isarray-1.0.0.tgz?cache=0&sync_timestamp=1562592125418&other_urls=https%3A%2F%2Fregistry.npm.taobao.org%2Fisarray%2Fdownload%2Fisarray-1.0.0.tgz",
      "integrity": "sha1-u5NdSFgsuhaMBoNJV6VKPgcSTxE="
    },
    "kdbush": {
      "version": "3.0.0",
      "resolved": "https://registry.npm.taobao.org/kdbush/download/kdbush-3.0.0.tgz",
      "integrity": "sha1-+EhHlNRwBMwthe06eTU9vgq8K/A="
    },
    "mapbox-gl": {
      "version": "1.9.1",
      "resolved": "https://registry.npm.taobao.org/mapbox-gl/download/mapbox-gl-1.9.1.tgz",
      "integrity": "sha1-nAYxDbZGkGS7AkX+ANYjOGXvQVY=",
      "requires": {
        "@mapbox/geojson-rewind": "^0.4.0",
        "@mapbox/geojson-types": "^1.0.2",
        "@mapbox/jsonlint-lines-primitives": "^2.0.2",
        "@mapbox/mapbox-gl-supported": "^1.4.0",
        "@mapbox/point-geometry": "^0.1.0",
        "@mapbox/tiny-sdf": "^1.1.0",
        "@mapbox/unitbezier": "^0.0.0",
        "@mapbox/vector-tile": "^1.3.1",
        "@mapbox/whoots-js": "^3.1.0",
        "csscolorparser": "~1.0.2",
        "earcut": "^2.2.2",
        "geojson-vt": "^3.2.1",
        "gl-matrix": "^3.0.0",
        "grid-index": "^1.1.0",
        "minimist": "0.0.8",
        "murmurhash-js": "^1.0.0",
        "pbf": "^3.2.1",
        "potpack": "^1.0.1",
        "quickselect": "^2.0.0",
        "rw": "^1.3.3",
        "supercluster": "^7.0.0",
        "tinyqueue": "^2.0.0",
        "vt-pbf": "^3.1.1"
      }
    },
    "minimist": {
      "version": "0.0.8",
      "resolved": "https://registry.npm.taobao.org/minimist/download/minimist-0.0.8.tgz?cache=0&sync_timestamp=1584051509720&other_urls=https%3A%2F%2Fregistry.npm.taobao.org%2Fminimist%2Fdownload%2Fminimist-0.0.8.tgz",
      "integrity": "sha1-hX/Kv8M5fSYluCKCYuhqp6ARsF0="
    },
    "murmurhash-js": {
      "version": "1.0.0",
      "resolved": "https://registry.npm.taobao.org/murmurhash-js/download/murmurhash-js-1.0.0.tgz",
      "integrity": "sha1-sGJ44h/Gw3+lMTcysEEry2rhX1E="
    },
    "ol": {
      "version": "6.3.1",
      "resolved": "https://registry.npm.taobao.org/ol/download/ol-6.3.1.tgz",
      "integrity": "sha1-Efy5h+Yy77n3X4f+jYX1B2RUOEM=",
      "requires": {
        "elm-pep": "^1.0.4",
        "pbf": "3.2.1",
        "pixelworks": "1.1.0",
        "rbush": "^3.0.1"
      }
    },
    "pbf": {
      "version": "3.2.1",
      "resolved": "https://registry.npm.taobao.org/pbf/download/pbf-3.2.1.tgz",
      "integrity": "sha1-tMG55yr5Zs2CxlMWkRFcwECf/io=",
      "requires": {
        "ieee754": "^1.1.12",
        "resolve-protobuf-schema": "^2.1.0"
      }
    },
    "pixelworks": {
      "version": "1.1.0",
      "resolved": "https://registry.npm.taobao.org/pixelworks/download/pixelworks-1.1.0.tgz",
      "integrity": "sha1-Hwla1I3Ki/ihyCWOAJIDGkTyLKU="
    },
    "potpack": {
      "version": "1.0.1",
      "resolved": "https://registry.npm.taobao.org/potpack/download/potpack-1.0.1.tgz",
      "integrity": "sha1-0bGv2J5Mj3dihl7DC9ESq3Z+Lr8="
    },
    "process-nextick-args": {
      "version": "2.0.1",
      "resolved": "https://registry.npm.taobao.org/process-nextick-args/download/process-nextick-args-2.0.1.tgz",
      "integrity": "sha1-eCDZsWEgzFXKmud5JoCufbptf+I="
    },
    "protocol-buffers-schema": {
      "version": "3.4.0",
      "resolved": "https://registry.npm.taobao.org/protocol-buffers-schema/download/protocol-buffers-schema-3.4.0.tgz",
      "integrity": "sha1-Lw6jHKlmJ9aAvy/vrn6/orZFPq4="
    },
    "quickselect": {
      "version": "2.0.0",
      "resolved": "https://registry.npm.taobao.org/quickselect/download/quickselect-2.0.0.tgz",
      "integrity": "sha1-8ZaApIal7vtYEwPgI+mPqvJd0Bg="
    },
    "rbush": {
      "version": "3.0.1",
      "resolved": "https://registry.npm.taobao.org/rbush/download/rbush-3.0.1.tgz",
      "integrity": "sha1-X6+op5s7mv3+UAhAOnIMwd6ILs8=",
      "requires": {
        "quickselect": "^2.0.0"
      }
    },
    "readable-stream": {
      "version": "2.3.7",
      "resolved": "https://registry.npm.taobao.org/readable-stream/download/readable-stream-2.3.7.tgz",
      "integrity": "sha1-Hsoc9xGu+BTAT2IlKjamL2yyO1c=",
      "requires": {
        "core-util-is": "~1.0.0",
        "inherits": "~2.0.3",
        "isarray": "~1.0.0",
        "process-nextick-args": "~2.0.0",
        "safe-buffer": "~5.1.1",
        "string_decoder": "~1.1.1",
        "util-deprecate": "~1.0.1"
      }
    },
    "redeyed": {
      "version": "0.4.4",
      "resolved": "https://registry.npm.taobao.org/redeyed/download/redeyed-0.4.4.tgz",
      "integrity": "sha1-N+mQpvKyGyoRwuakj9QTVpjLqX8=",
      "requires": {
        "esprima": "~1.0.4"
      }
    },
    "resolve-protobuf-schema": {
      "version": "2.1.0",
      "resolved": "https://registry.npm.taobao.org/resolve-protobuf-schema/download/resolve-protobuf-schema-2.1.0.tgz",
      "integrity": "sha1-nKmp5pzxkrva8QBuwZc5SKpKN1g=",
      "requires": {
        "protocol-buffers-schema": "^3.3.1"
      }
    },
    "rw": {
      "version": "1.3.3",
      "resolved": "https://registry.npm.taobao.org/rw/download/rw-1.3.3.tgz",
      "integrity": "sha1-P4Yt+pGrdmsUiF700BEkv9oHT7Q="
    },
    "safe-buffer": {
      "version": "5.1.2",
      "resolved": "https://registry.npm.taobao.org/safe-buffer/download/safe-buffer-5.1.2.tgz",
      "integrity": "sha1-mR7GnSluAxN0fVm9/St0XDX4go0="
    },
    "sharkdown": {
      "version": "0.1.1",
      "resolved": "https://registry.npm.taobao.org/sharkdown/download/sharkdown-0.1.1.tgz",
      "integrity": "sha1-ZEhL0PCPNH+DGen/lHpnD2tIsbI=",
      "requires": {
        "cardinal": "~0.4.2",
        "minimist": "0.0.5",
        "split": "~0.2.10"
      },
      "dependencies": {
        "minimist": {
          "version": "0.0.5",
          "resolved": "https://registry.npm.taobao.org/minimist/download/minimist-0.0.5.tgz?cache=0&sync_timestamp=1584051509720&other_urls=https%3A%2F%2Fregistry.npm.taobao.org%2Fminimist%2Fdownload%2Fminimist-0.0.5.tgz",
          "integrity": "sha1-16oye87PUY+RBqxrjwA/o7zqhWY="
        }
      }
    },
    "split": {
      "version": "0.2.10",
      "resolved": "https://registry.npm.taobao.org/split/download/split-0.2.10.tgz",
      "integrity": "sha1-Zwl8YB1pfOE2j0GPBs0gHPBSGlc=",
      "requires": {
        "through": "2"
      }
    },
    "string_decoder": {
      "version": "1.1.1",
      "resolved": "https://registry.npm.taobao.org/string_decoder/download/string_decoder-1.1.1.tgz",
      "integrity": "sha1-nPFhG6YmhdcDCunkujQUnDrwP8g=",
      "requires": {
        "safe-buffer": "~5.1.0"
      }
    },
    "supercluster": {
      "version": "7.0.0",
      "resolved": "https://registry.npm.taobao.org/supercluster/download/supercluster-7.0.0.tgz",
      "integrity": "sha1-ddR0+vsKBV21Uu1717vaWD9qsyE=",
      "requires": {
        "kdbush": "^3.0.0"
      }
    },
    "through": {
      "version": "2.3.8",
      "resolved": "https://registry.npm.taobao.org/through/download/through-2.3.8.tgz",
      "integrity": "sha1-DdTJ/6q8NXlgsbckEV1+Doai4fU="
    },
    "tinyqueue": {
      "version": "2.0.3",
      "resolved": "https://registry.npm.taobao.org/tinyqueue/download/tinyqueue-2.0.3.tgz",
      "integrity": "sha1-ZNhJLr8554Ade9NAYuKbRbIDXwg="
    },
    "typedarray": {
      "version": "0.0.6",
      "resolved": "https://registry.npm.taobao.org/typedarray/download/typedarray-0.0.6.tgz",
      "integrity": "sha1-hnrHTjhkGHsdPUfZlqeOxciDB3c="
    },
    "util-deprecate": {
      "version": "1.0.2",
      "resolved": "https://registry.npm.taobao.org/util-deprecate/download/util-deprecate-1.0.2.tgz",
      "integrity": "sha1-RQ1Nyfpw3nMnYvvS1KKJgUGaDM8="
    },
    "vt-pbf": {
      "version": "3.1.1",
      "resolved": "https://registry.npm.taobao.org/vt-pbf/download/vt-pbf-3.1.1.tgz",
      "integrity": "sha1-sPYn45oQzpHZQ7iY7SNj0hiZ+4I=",
      "requires": {
        "@mapbox/point-geometry": "0.1.0",
        "@mapbox/vector-tile": "^1.3.1",
        "pbf": "^3.0.5"
      }
    },
    "wgs84": {
      "version": "0.0.0",
      "resolved": "https://registry.npm.taobao.org/wgs84/download/wgs84-0.0.0.tgz",
      "integrity": "sha1-NP3FVZF7blfPKigu0ENxDASc3HY="
    }
  }
}
